// !$*UTF8*$!
{
	archiveVersion = 1;
	classes = {
	};
	objectVersion = 50;
	objects = {

/* Begin PBXBuildFile section */
		4426F26B214B4AF10073B32C /* AppDelegate.swift in Sources */ = {isa = PBXBuildFile; fileRef = 4426F26A214B4AF10073B32C /* AppDelegate.swift */; };
		4426F272214B4AF40073B32C /* Assets.xcassets in Resources */ = {isa = PBXBuildFile; fileRef = 4426F271214B4AF40073B32C /* Assets.xcassets */; };
		4426F282214B55460073B32C /* U17TodayViewController.swift in Sources */ = {isa = PBXBuildFile; fileRef = 4426F281214B55460073B32C /* U17TodayViewController.swift */; };
		4426F286214B55D40073B32C /* U17FindViewController.swift in Sources */ = {isa = PBXBuildFile; fileRef = 4426F285214B55D40073B32C /* U17FindViewController.swift */; };
		4426F288214B55FA0073B32C /* U17BookRackViewController.swift in Sources */ = {isa = PBXBuildFile; fileRef = 4426F287214B55FA0073B32C /* U17BookRackViewController.swift */; };
		4426F28A214B560B0073B32C /* U17MineViewController.swift in Sources */ = {isa = PBXBuildFile; fileRef = 4426F289214B560B0073B32C /* U17MineViewController.swift */; };
		4426F28C214B56650073B32C /* Const.swift in Sources */ = {isa = PBXBuildFile; fileRef = 4426F28B214B56650073B32C /* Const.swift */; };
		4426F28E214B580A0073B32C /* U17TabBarController.swift in Sources */ = {isa = PBXBuildFile; fileRef = 4426F28D214B580A0073B32C /* U17TabBarController.swift */; };
		445D4AB3214B8CEC0062010E /* LaunchScreen.storyboard in Resources */ = {isa = PBXBuildFile; fileRef = 445D4AAF214B8CEC0062010E /* LaunchScreen.storyboard */; };
		445D4AB4214B8CEC0062010E /* Main.storyboard in Resources */ = {isa = PBXBuildFile; fileRef = 445D4AB1214B8CEC0062010E /* Main.storyboard */; };
		445D4AB6214B93900062010E /* ViewController.swift in Sources */ = {isa = PBXBuildFile; fileRef = 445D4AB5214B93900062010E /* ViewController.swift */; };
		445D4AB8214B9CC70062010E /* U17Api.swift in Sources */ = {isa = PBXBuildFile; fileRef = 445D4AB7214B9CC60062010E /* U17Api.swift */; };
		445D4ABA214B9D230062010E /* U17Model.swift in Sources */ = {isa = PBXBuildFile; fileRef = 445D4AB9214B9D230062010E /* U17Model.swift */; };
		503C1B6EC99B7C59A54C5A71 /* Pods_U17Cartoon.framework in Frameworks */ = {isa = PBXBuildFile; fileRef = 800091C2AB589127D694B1EB /* Pods_U17Cartoon.framework */; };
/* End PBXBuildFile section */

/* Begin PBXFileReference section */
		4426F267214B4AF10073B32C /* U17Cartoon.app */ = {isa = PBXFileReference; explicitFileType = wrapper.application; includeInIndex = 0; path = U17Cartoon.app; sourceTree = BUILT_PRODUCTS_DIR; };
		4426F26A214B4AF10073B32C /* AppDelegate.swift */ = {isa = PBXFileReference; lastKnownFileType = sourcecode.swift; path = AppDelegate.swift; sourceTree = "<group>"; };
		4426F271214B4AF40073B32C /* Assets.xcassets */ = {isa = PBXFileReference; lastKnownFileType = folder.assetcatalog; path = Assets.xcassets; sourceTree = "<group>"; };
		4426F276214B4AF40073B32C /* Info.plist */ = {isa = PBXFileReference; lastKnownFileType = text.plist.xml; path = Info.plist; sourceTree = "<group>"; };
		4426F281214B55460073B32C /* U17TodayViewController.swift */ = {isa = PBXFileReference; lastKnownFileType = sourcecode.swift; path = U17TodayViewController.swift; sourceTree = "<group>"; };
		4426F285214B55D40073B32C /* U17FindViewController.swift */ = {isa = PBXFileReference; lastKnownFileType = sourcecode.swift; path = U17FindViewController.swift; sourceTree = "<group>"; };
		4426F287214B55FA0073B32C /* U17BookRackViewController.swift */ = {isa = PBXFileReference; lastKnownFileType = sourcecode.swift; path = U17BookRackViewController.swift; sourceTree = "<group>"; };
		4426F289214B560B0073B32C /* U17MineViewController.swift */ = {isa = PBXFileReference; lastKnownFileType = sourcecode.swift; path = U17MineViewController.swift; sourceTree = "<group>"; };
		4426F28B214B56650073B32C /* Const.swift */ = {isa = PBXFileReference; lastKnownFileType = sourcecode.swift; path = Const.swift; sourceTree = "<group>"; };
		4426F28D214B580A0073B32C /* U17TabBarController.swift */ = {isa = PBXFileReference; lastKnownFileType = sourcecode.swift; path = U17TabBarController.swift; sourceTree = "<group>"; };
		445D4AB0214B8CEC0062010E /* Base */ = {isa = PBXFileReference; lastKnownFileType = file.storyboard; name = Base; path = Base.lproj/LaunchScreen.storyboard; sourceTree = "<group>"; };
		445D4AB2214B8CEC0062010E /* Base */ = {isa = PBXFileReference; lastKnownFileType = file.storyboard; name = Base; path = Base.lproj/Main.storyboard; sourceTree = "<group>"; };
		445D4AB5214B93900062010E /* ViewController.swift */ = {isa = PBXFileReference; fileEncoding = 4; lastKnownFileType = sourcecode.swift; path = ViewController.swift; sourceTree = "<group>"; };
		445D4AB7214B9CC60062010E /* U17Api.swift */ = {isa = PBXFileReference; fileEncoding = 4; lastKnownFileType = sourcecode.swift; path = U17Api.swift; sourceTree = "<group>"; };
		445D4AB9214B9D230062010E /* U17Model.swift */ = {isa = PBXFileReference; lastKnownFileType = sourcecode.swift; path = U17Model.swift; sourceTree = "<group>"; };
		6428455F3530FBD990ADD750 /* Pods-U17Cartoon.release.xcconfig */ = {isa = PBXFileReference; includeInIndex = 1; lastKnownFileType = text.xcconfig; name = "Pods-U17Cartoon.release.xcconfig"; path = "Pods/Target Support Files/Pods-U17Cartoon/Pods-U17Cartoon.release.xcconfig"; sourceTree = "<group>"; };
		800091C2AB589127D694B1EB /* Pods_U17Cartoon.framework */ = {isa = PBXFileReference; explicitFileType = wrapper.framework; includeInIndex = 0; path = Pods_U17Cartoon.framework; sourceTree = BUILT_PRODUCTS_DIR; };
		AF1AE44D617854353FBAFE24 /* Pods-U17Cartoon.debug.xcconfig */ = {isa = PBXFileReference; includeInIndex = 1; lastKnownFileType = text.xcconfig; name = "Pods-U17Cartoon.debug.xcconfig"; path = "Pods/Target Support Files/Pods-U17Cartoon/Pods-U17Cartoon.debug.xcconfig"; sourceTree = "<group>"; };
/* End PBXFileReference section */

/* Begin PBXFrameworksBuildPhase section */
		4426F264214B4AF10073B32C /* Frameworks */ = {
			isa = PBXFrameworksBuildPhase;
			buildActionMask = 2147483647;
			files = (
				503C1B6EC99B7C59A54C5A71 /* Pods_U17Cartoon.framework in Frameworks */,
			);
			runOnlyForDeploymentPostprocessing = 0;
		};
/* End PBXFrameworksBuildPhase section */

/* Begin PBXGroup section */
		2C71A74595297DCAE94AB277 /* Frameworks */ = {
			isa = PBXGroup;
			children = (
				800091C2AB589127D694B1EB /* Pods_U17Cartoon.framework */,
			);
			name = Frameworks;
			sourceTree = "<group>";
		};
		4426F25E214B4AF10073B32C = {
			isa = PBXGroup;
			children = (
				4426F269214B4AF10073B32C /* U17Cartoon */,
				4426F268214B4AF10073B32C /* Products */,
				A014CC6597F504BC265DC4C2 /* Pods */,
				2C71A74595297DCAE94AB277 /* Frameworks */,
			);
			sourceTree = "<group>";
		};
		4426F268214B4AF10073B32C /* Products */ = {
			isa = PBXGroup;
			children = (
				4426F267214B4AF10073B32C /* U17Cartoon.app */,
			);
			name = Products;
			sourceTree = "<group>";
		};
		4426F269214B4AF10073B32C /* U17Cartoon */ = {
			isa = PBXGroup;
			children = (
				4426F26A214B4AF10073B32C /* AppDelegate.swift */,
				445D4AB5214B93900062010E /* ViewController.swift */,
				4426F27C214B54780073B32C /* U17Main */,
				4426F27D214B548C0073B32C /* U17Today */,
				4426F27E214B549D0073B32C /* U17Find */,
				4426F27F214B54A60073B32C /* U17BookRack */,
				4426F280214B54BC0073B32C /* U17Mine */,
				4426F271214B4AF40073B32C /* Assets.xcassets */,
				445D4AAF214B8CEC0062010E /* LaunchScreen.storyboard */,
				445D4AB1214B8CEC0062010E /* Main.storyboard */,
				4426F276214B4AF40073B32C /* Info.plist */,
			);
			path = U17Cartoon;
			sourceTree = "<group>";
		};
		4426F27C214B54780073B32C /* U17Main */ = {
			isa = PBXGroup;
			children = (
				445D4AB7214B9CC60062010E /* U17Api.swift */,
				445D4AB9214B9D230062010E /* U17Model.swift */,
				4426F28B214B56650073B32C /* Const.swift */,
				4426F28D214B580A0073B32C /* U17TabBarController.swift */,
			);
			path = U17Main;
			sourceTree = "<group>";
		};
		4426F27D214B548C0073B32C /* U17Today */ = {
			isa = PBXGroup;
			children = (
				4426F281214B55460073B32C /* U17TodayViewController.swift */,
				4426F283214B55580073B32C /* View */,
			);
			path = U17Today;
			sourceTree = "<group>";
		};
		4426F27E214B549D0073B32C /* U17Find */ = {
			isa = PBXGroup;
			children = (
				4426F284214B55610073B32C /* View */,
				4426F285214B55D40073B32C /* U17FindViewController.swift */,
			);
			path = U17Find;
			sourceTree = "<group>";
		};
		4426F27F214B54A60073B32C /* U17BookRack */ = {
			isa = PBXGroup;
			children = (
				4426F287214B55FA0073B32C /* U17BookRackViewController.swift */,
			);
			path = U17BookRack;
			sourceTree = "<group>";
		};
		4426F280214B54BC0073B32C /* U17Mine */ = {
			isa = PBXGroup;
			children = (
				4426F289214B560B0073B32C /* U17MineViewController.swift */,
			);
			path = U17Mine;
			sourceTree = "<group>";
		};
		4426F283214B55580073B32C /* View */ = {
			isa = PBXGroup;
			children = (
			);
			path = View;
			sourceTree = "<group>";
		};
		4426F284214B55610073B32C /* View */ = {
			isa = PBXGroup;
			children = (
			);
			path = View;
			sourceTree = "<group>";
		};
		A014CC6597F504BC265DC4C2 /* Pods */ = {
			isa = PBXGroup;
			children = (
				AF1AE44D617854353FBAFE24 /* Pods-U17Cartoon.debug.xcconfig */,
				6428455F3530FBD990ADD750 /* Pods-U17Cartoon.release.xcconfig */,
			);
			name = Pods;
			sourceTree = "<group>";
		};
/* End PBXGroup section */

/* Begin PBXNativeTarget section */
		4426F266214B4AF10073B32C /* U17Cartoon */ = {
			isa = PBXNativeTarget;
			buildConfigurationList = 4426F279214B4AF40073B32C /* Build configuration list for PBXNativeTarget "U17Cartoon" */;
			buildPhases = (
				A1CA428BBEC067BC935BF037 /* [CP] Check Pods Manifest.lock */,
				4426F263214B4AF10073B32C /* Sources */,
				4426F264214B4AF10073B32C /* Frameworks */,
				4426F265214B4AF10073B32C /* Resources */,
				EA47D565A58C3ABCC3BAE6FF /* [CP] Embed Pods Frameworks */,
			);
			buildRules = (
			);
			dependencies = (
			);
			name = U17Cartoon;
			productName = U17Cartoon;
			productReference = 4426F267214B4AF10073B32C /* U17Cartoon.app */;
			productType = "com.apple.product-type.application";
		};
/* End PBXNativeTarget section */

/* Begin PBXProject section */
		4426F25F214B4AF10073B32C /* Project object */ = {
			isa = PBXProject;
			attributes = {
				LastSwiftUpdateCheck = 0940;
				LastUpgradeCheck = 0940;
				ORGANIZATIONNAME = "Apple-YangWei";
				TargetAttributes = {
					4426F266214B4AF10073B32C = {
						CreatedOnToolsVersion = 9.4.1;
					};
				};
			};
			buildConfigurationList = 4426F262214B4AF10073B32C /* Build configuration list for PBXProject "U17Cartoon" */;
			compatibilityVersion = "Xcode 9.3";
			developmentRegion = en;
			hasScannedForEncodings = 0;
			knownRegions = (
				en,
				Base,
			);
			mainGroup = 4426F25E214B4AF10073B32C;
			productRefGroup = 4426F268214B4AF10073B32C /* Products */;
			projectDirPath = "";
			projectRoot = "";
			targets = (
				4426F266214B4AF10073B32C /* U17Cartoon */,
			);
		};
/* End PBXProject section */

/* Begin PBXResourcesBuildPhase section */
		4426F265214B4AF10073B32C /* Resources */ = {
			isa = PBXResourcesBuildPhase;
			buildActionMask = 2147483647;
			files = (
				445D4AB4214B8CEC0062010E /* Main.storyboard in Resources */,
				4426F272214B4AF40073B32C /* Assets.xcassets in Resources */,
				445D4AB3214B8CEC0062010E /* LaunchScreen.storyboard in Resources */,
			);
			runOnlyForDeploymentPostprocessing = 0;
		};
/* End PBXResourcesBuildPhase section */

/* Begin PBXShellScriptBuildPhase section */
		A1CA428BBEC067BC935BF037 /* [CP] Check Pods Manifest.lock */ = {
			isa = PBXShellScriptBuildPhase;
			buildActionMask = 2147483647;
			files = (
			);
			inputPaths = (
				"${PODS_PODFILE_DIR_PATH}/Podfile.lock",
				"${PODS_ROOT}/Manifest.lock",
			);
			name = "[CP] Check Pods Manifest.lock";
			outputPaths = (
				"$(DERIVED_FILE_DIR)/Pods-U17Cartoon-checkManifestLockResult.txt",
			);
			runOnlyForDeploymentPostprocessing = 0;
			shellPath = /bin/sh;
			shellScript = "diff \"${PODS_PODFILE_DIR_PATH}/Podfile.lock\" \"${PODS_ROOT}/Manifest.lock\" > /dev/null\nif [ $? != 0 ] ; then\n    # print error to STDERR\n    echo \"error: The sandbox is not in sync with the Podfile.lock. Run 'pod install' or update your CocoaPods installation.\" >&2\n    exit 1\nfi\n# This output is used by Xcode 'outputs' to avoid re-running this script phase.\necho \"SUCCESS\" > \"${SCRIPT_OUTPUT_FILE_0}\"\n";
			showEnvVarsInLog = 0;
		};
		EA47D565A58C3ABCC3BAE6FF /* [CP] Embed Pods Frameworks */ = {
			isa = PBXShellScriptBuildPhase;
			buildActionMask = 2147483647;
			files = (
			);
			inputPaths = (
				"${SRCROOT}/Pods/Target Support Files/Pods-U17Cartoon/Pods-U17Cartoon-frameworks.sh",
				"${BUILT_PRODUCTS_DIR}/Alamofire/Alamofire.framework",
				"${BUILT_PRODUCTS_DIR}/FSPagerView/FSPagerView.framework",
				"${BUILT_PRODUCTS_DIR}/HandyJSON/HandyJSON.framework",
				"${BUILT_PRODUCTS_DIR}/Kingfisher/Kingfisher.framework",
				"${BUILT_PRODUCTS_DIR}/MJRefresh/MJRefresh.framework",
				"${BUILT_PRODUCTS_DIR}/Moya/Moya.framework",
				"${BUILT_PRODUCTS_DIR}/Result/Result.framework",
				"${BUILT_PRODUCTS_DIR}/SVProgressHUD/SVProgressHUD.framework",
				"${BUILT_PRODUCTS_DIR}/SnapKit/SnapKit.framework",
				"${BUILT_PRODUCTS_DIR}/SwiftyJSON/SwiftyJSON.framework",
				"${BUILT_PRODUCTS_DIR}/SwipeMenuViewController/SwipeMenuViewController.framework",
			);
			name = "[CP] Embed Pods Frameworks";
			outputPaths = (
				"${TARGET_BUILD_DIR}/${FRAMEWORKS_FOLDER_PATH}/Alamofire.framework",
				"${TARGET_BUILD_DIR}/${FRAMEWORKS_FOLDER_PATH}/FSPagerView.framework",
				"${TARGET_BUILD_DIR}/${FRAMEWORKS_FOLDER_PATH}/HandyJSON.framework",
				"${TARGET_BUILD_DIR}/${FRAMEWORKS_FOLDER_PATH}/Kingfisher.framework",
				"${TARGET_BUILD_DIR}/${FRAMEWORKS_FOLDER_PATH}/MJRefresh.framework",
				"${TARGET_BUILD_DIR}/${FRAMEWORKS_FOLDER_PATH}/Moya.framework",
				"${TARGET_BUILD_DIR}/${FRAMEWORKS_FOLDER_PATH}/Result.framework",
				"${TARGET_BUILD_DIR}/${FRAMEWORKS_FOLDER_PATH}/SVProgressHUD.framework",
				"${TARGET_BUILD_DIR}/${FRAMEWORKS_FOLDER_PATH}/SnapKit.framework",
				"${TARGET_BUILD_DIR}/${FRAMEWORKS_FOLDER_PATH}/SwiftyJSON.framework",
				"${TARGET_BUILD_DIR}/${FRAMEWORKS_FOLDER_PATH}/SwipeMenuViewController.framework",
			);
			runOnlyForDeploymentPostprocessing = 0;
			shellPath = /bin/sh;
			shellScript = "\"${SRCROOT}/Pods/Target Support Files/Pods-U17Cartoon/Pods-U17Cartoon-frameworks.sh\"\n";
			showEnvVarsInLog = 0;
		};
/* End PBXShellScriptBuildPhase section */

/* Begin PBXSourcesBuildPhase section */
		4426F263214B4AF10073B32C /* Sources */ = {
			isa = PBXSourcesBuildPhase;
			buildActionMask = 2147483647;
			files = (
				445D4AB8214B9CC70062010E /* U17Api.swift in Sources */,
				4426F288214B55FA0073B32C /* U17BookRackViewController.swift in Sources */,
				4426F26B214B4AF10073B32C /* AppDelegate.swift in Sources */,
				4426F282214B55460073B32C /* U17TodayViewController.swift in Sources */,
				4426F286214B55D40073B32C /* U17FindViewController.swift in Sources */,
				4426F28A214B560B0073B32C /* U17MineViewController.swift in Sources */,
				4426F28E214B580A0073B32C /* U17TabBarController.swift in Sources */,
				445D4ABA214B9D230062010E /* U17Model.swift in Sources */,
				445D4AB6214B93900062010E /* ViewController.swift in Sources */,
				4426F28C214B56650073B32C /* Const.swift in Sources */,
			);
			runOnlyForDeploymentPostprocessing = 0;
		};
/* End PBXSourcesBuildPhase section */

/* Begin PBXVariantGroup section */
		445D4AAF214B8CEC0062010E /* LaunchScreen.storyboard */ = {
			isa = PBXVariantGroup;
			children = (
				445D4AB0214B8CEC0062010E /* Base */,
			);
			name = LaunchScreen.storyboard;
			sourceTree = "<group>";
		};
		445D4AB1214B8CEC0062010E /* Main.storyboard */ = {
			isa = PBXVariantGroup;
			children = (
				445D4AB2214B8CEC0062010E /* Base */,
			);
			name = Main.storyboard;
			sourceTree = "<group>";
		};
/* End PBXVariantGroup section */

/* Begin XCBuildConfiguration section */
		4426F277214B4AF40073B32C /* Debug */ = {
			isa = XCBuildConfiguration;
			buildSettings = {
				ALWAYS_SEARCH_USER_PATHS = NO;
				CLANG_ANALYZER_NONNULL = YES;
				CLANG_ANALYZER_NUMBER_OBJECT_CONVERSION = YES_AGGRESSIVE;
				CLANG_CXX_LANGUAGE_STANDARD = "gnu++14";
				CLANG_CXX_LIBRARY = "libc++";
				CLANG_ENABLE_MODULES = YES;
				CLANG_ENABLE_OBJC_ARC = YES;
				CLANG_ENABLE_OBJC_WEAK = YES;
				CLANG_WARN_BLOCK_CAPTURE_AUTORELEASING = YES;
				CLANG_WARN_BOOL_CONVERSION = YES;
				CLANG_WARN_COMMA = YES;
				CLANG_WARN_CONSTANT_CONVERSION = YES;
				CLANG_WARN_DEPRECATED_OBJC_IMPLEMENTATIONS = YES;
				CLANG_WARN_DIRECT_OBJC_ISA_USAGE = YES_ERROR;
				CLANG_WARN_DOCUMENTATION_COMMENTS = YES;
				CLANG_WARN_EMPTY_BODY = YES;
				CLANG_WARN_ENUM_CONVERSION = YES;
				CLANG_WARN_INFINITE_RECURSION = YES;
				CLANG_WARN_INT_CONVERSION = YES;
				CLANG_WARN_NON_LITERAL_NULL_CONVERSION = YES;
				CLANG_WARN_OBJC_IMPLICIT_RETAIN_SELF = YES;
				CLANG_WARN_OBJC_LITERAL_CONVERSION = YES;
				CLANG_WARN_OBJC_ROOT_CLASS = YES_ERROR;
				CLANG_WARN_RANGE_LOOP_ANALYSIS = YES;
				CLANG_WARN_STRICT_PROTOTYPES = YES;
				CLANG_WARN_SUSPICIOUS_MOVE = YES;
				CLANG_WARN_UNGUARDED_AVAILABILITY = YES_AGGRESSIVE;
				CLANG_WARN_UNREACHABLE_CODE = YES;
				CLANG_WARN__DUPLICATE_METHOD_MATCH = YES;
				CODE_SIGN_IDENTITY = "iPhone Developer";
				COPY_PHASE_STRIP = NO;
				DEBUG_INFORMATION_FORMAT = dwarf;
				ENABLE_STRICT_OBJC_MSGSEND = YES;
				ENABLE_TESTABILITY = YES;
				GCC_C_LANGUAGE_STANDARD = gnu11;
				GCC_DYNAMIC_NO_PIC = NO;
				GCC_NO_COMMON_BLOCKS = YES;
				GCC_OPTIMIZATION_LEVEL = 0;
				GCC_PREPROCESSOR_DEFINITIONS = (
					"DEBUG=1",
					"$(inherited)",
				);
				GCC_WARN_64_TO_32_BIT_CONVERSION = YES;
				GCC_WARN_ABOUT_RETURN_TYPE = YES_ERROR;
				GCC_WARN_UNDECLARED_SELECTOR = YES;
				GCC_WARN_UNINITIALIZED_AUTOS = YES_AGGRESSIVE;
				GCC_WARN_UNUSED_FUNCTION = YES;
				GCC_WARN_UNUSED_VARIABLE = YES;
				IPHONEOS_DEPLOYMENT_TARGET = 11.4;
				MTL_ENABLE_DEBUG_INFO = YES;
				ONLY_ACTIVE_ARCH = YES;
				SDKROOT = iphoneos;
				SWIFT_ACTIVE_COMPILATION_CONDITIONS = DEBUG;
				SWIFT_OPTIMIZATION_LEVEL = "-Onone";
			};
			name = Debug;
		};
		4426F278214B4AF40073B32C /* Release */ = {
			isa = XCBuildConfiguration;
			buildSettings = {
				ALWAYS_SEARCH_USER_PATHS = NO;
				CLANG_ANALYZER_NONNULL = YES;
				CLANG_ANALYZER_NUMBER_OBJECT_CONVERSION = YES_AGGRESSIVE;
				CLANG_CXX_LANGUAGE_STANDARD = "gnu++14";
				CLANG_CXX_LIBRARY = "libc++";
				CLANG_ENABLE_MODULES = YES;
				CLANG_ENABLE_OBJC_ARC = YES;
				CLANG_ENABLE_OBJC_WEAK = YES;
				CLANG_WARN_BLOCK_CAPTURE_AUTORELEASING = YES;
				CLANG_WARN_BOOL_CONVERSION = YES;
				CLANG_WARN_COMMA = YES;
				CLANG_WARN_CONSTANT_CONVERSION = YES;
				CLANG_WARN_DEPRECATED_OBJC_IMPLEMENTATIONS = YES;
				CLANG_WARN_DIRECT_OBJC_ISA_USAGE = YES_ERROR;
				CLANG_WARN_DOCUMENTATION_COMMENTS = YES;
				CLANG_WARN_EMPTY_BODY = YES;
				CLANG_WARN_ENUM_CONVERSION = YES;
				CLANG_WARN_INFINITE_RECURSION = YES;
				CLANG_WARN_INT_CONVERSION = YES;
				CLANG_WARN_NON_LITERAL_NULL_CONVERSION = YES;
				CLANG_WARN_OBJC_IMPLICIT_RETAIN_SELF = YES;
				CLANG_WARN_OBJC_LITERAL_CONVERSION = YES;
				CLANG_WARN_OBJC_ROOT_CLASS = YES_ERROR;
				CLANG_WARN_RANGE_LOOP_ANALYSIS = YES;
				CLANG_WARN_STRICT_PROTOTYPES = YES;
				CLANG_WARN_SUSPICIOUS_MOVE = YES;
				CLANG_WARN_UNGUARDED_AVAILABILITY = YES_AGGRESSIVE;
				CLANG_WARN_UNREACHABLE_CODE = YES;
				CLANG_WARN__DUPLICATE_METHOD_MATCH = YES;
				CODE_SIGN_IDENTITY = "iPhone Developer";
				COPY_PHASE_STRIP = NO;
				DEBUG_INFORMATION_FORMAT = "dwarf-with-dsym";
				ENABLE_NS_ASSERTIONS = NO;
				ENABLE_STRICT_OBJC_MSGSEND = YES;
				GCC_C_LANGUAGE_STANDARD = gnu11;
				GCC_NO_COMMON_BLOCKS = YES;
				GCC_WARN_64_TO_32_BIT_CONVERSION = YES;
				GCC_WARN_ABOUT_RETURN_TYPE = YES_ERROR;
				GCC_WARN_UNDECLARED_SELECTOR = YES;
				GCC_WARN_UNINITIALIZED_AUTOS = YES_AGGRESSIVE;
				GCC_WARN_UNUSED_FUNCTION = YES;
				GCC_WARN_UNUSED_VARIABLE = YES;
				IPHONEOS_DEPLOYMENT_TARGET = 11.4;
				MTL_ENABLE_DEBUG_INFO = NO;
				SDKROOT = iphoneos;
				SWIFT_COMPILATION_MODE = wholemodule;
				SWIFT_OPTIMIZATION_LEVEL = "-O";
				VALIDATE_PRODUCT = YES;
			};
			name = Release;
		};
		4426F27A214B4AF40073B32C /* Debug */ = {
			isa = XCBuildConfiguration;
			baseConfigurationReference = AF1AE44D617854353FBAFE24 /* Pods-U17Cartoon.debug.xcconfig */;
			buildSettings = {
				ASSETCATALOG_COMPILER_APPICON_NAME = AppIcon;
				CODE_SIGN_STYLE = Automatic;
				DEVELOPMENT_TEAM = 7Q3FN28VDH;
				INFOPLIST_FILE = U17Cartoon/Info.plist;
				IPHONEOS_DEPLOYMENT_TARGET = 11.0;
				LD_RUNPATH_SEARCH_PATHS = (
					"$(inherited)",
					"@executable_path/Frameworks",
				);
				PRODUCT_BUNDLE_IDENTIFIER = hades.U17Cartoon;
				PRODUCT_NAME = "$(TARGET_NAME)";
				SWIFT_VERSION = 4.0;
				TARGETED_DEVICE_FAMILY = 1;
			};
			name = Debug;
		};
		4426F27B214B4AF40073B32C /* Release */ = {
			isa = XCBuildConfiguration;
			baseConfigurationReference = 6428455F3530FBD990ADD750 /* Pods-U17Cartoon.release.xcconfig */;
			buildSettings = {
				ASSETCATALOG_COMPILER_APPICON_NAME = AppIcon;
				CODE_SIGN_STYLE = Automatic;
				DEVELOPMENT_TEAM = 7Q3FN28VDH;
				INFOPLIST_FILE = U17Cartoon/Info.plist;
				IPHONEOS_DEPLOYMENT_TARGET = 11.0;
				LD_RUNPATH_SEARCH_PATHS = (
					"$(inherited)",
					"@executable_path/Frameworks",
				);
				PRODUCT_BUNDLE_IDENTIFIER = hades.U17Cartoon;
				PRODUCT_NAME = "$(TARGET_NAME)";
				SWIFT_VERSION = 4.0;
				TARGETED_DEVICE_FAMILY = 1;
			};
			name = Release;
		};
/* End XCBuildConfiguration section */

/* Begin XCConfigurationList section */
		4426F262214B4AF10073B32C /* Build configuration list for PBXProject "U17Cartoon" */ = {
			isa = XCConfigurationList;
			buildConfigurations = (
				4426F277214B4AF40073B32C /* Debug */,
				4426F278214B4AF40073B32C /* Release */,
			);
			defaultConfigurationIsVisible = 0;
			defaultConfigurationName = Release;
		};
		4426F279214B4AF40073B32C /* Build configuration list for PBXNativeTarget "U17Cartoon" */ = {
			isa = XCConfigurationList;
			buildConfigurations = (
				4426F27A214B4AF40073B32C /* Debug */,
				4426F27B214B4AF40073B32C /* Release */,
			);
			defaultConfigurationIsVisible = 0;
			defaultConfigurationName = Release;
		};
/* End XCConfigurationList section */
	};
	rootObject = 4426F25F214B4AF10073B32C /* Project object */;
}
